// !$*UTF8*$!
{
	archiveVersion = 1;
	classes = {
	};
	objectVersion = 50;
	objects = {

/* Begin PBXBuildFile section */
		231BB5A7D49936420A8538F3 /* libPods-ABChainNet.a in Frameworks */ = {isa = PBXBuildFile; fileRef = 821EA88CFF6DE769965F55F1 /* libPods-ABChainNet.a */; };
		A83414DD20E5BB4A006EC41F /* AppDelegate.m in Sources */ = {isa = PBXBuildFile; fileRef = A83414DC20E5BB4A006EC41F /* AppDelegate.m */; };
		A83414E020E5BB4A006EC41F /* ViewController.m in Sources */ = {isa = PBXBuildFile; fileRef = A83414DF20E5BB4A006EC41F /* ViewController.m */; };
		A83414E320E5BB4A006EC41F /* Main.storyboard in Resources */ = {isa = PBXBuildFile; fileRef = A83414E120E5BB4A006EC41F /* Main.storyboard */; };
		A83414E520E5BB4A006EC41F /* Assets.xcassets in Resources */ = {isa = PBXBuildFile; fileRef = A83414E420E5BB4A006EC41F /* Assets.xcassets */; };
		A83414E820E5BB4A006EC41F /* LaunchScreen.storyboard in Resources */ = {isa = PBXBuildFile; fileRef = A83414E620E5BB4A006EC41F /* LaunchScreen.storyboard */; };
		A83414EB20E5BB4A006EC41F /* main.m in Sources */ = {isa = PBXBuildFile; fileRef = A83414EA20E5BB4A006EC41F /* main.m */; };
		A83414F520E5BB4A006EC41F /* ABChainNetTests.m in Sources */ = {isa = PBXBuildFile; fileRef = A83414F420E5BB4A006EC41F /* ABChainNetTests.m */; };
		A834150020E5BB4A006EC41F /* ABChainNetUITests.m in Sources */ = {isa = PBXBuildFile; fileRef = A83414FF20E5BB4A006EC41F /* ABChainNetUITests.m */; };
		A89582E520E5C51100475318 /* Pbmessage.pbobjc.m in Sources */ = {isa = PBXBuildFile; fileRef = A89582E320E5C51100475318 /* Pbmessage.pbobjc.m */; settings = {COMPILER_FLAGS = "-fno-objc-arc"; }; };
		A895836420E5C57A00475318 /* BCNetWorkingHandle.m in Sources */ = {isa = PBXBuildFile; fileRef = A895833220E5C57A00475318 /* BCNetWorkingHandle.m */; };
		A895836520E5C57A00475318 /* MsgVersion.m in Sources */ = {isa = PBXBuildFile; fileRef = A895833320E5C57A00475318 /* MsgVersion.m */; };
		A895836620E5C57A00475318 /* MsgDiscover.m in Sources */ = {isa = PBXBuildFile; fileRef = A895833520E5C57A00475318 /* MsgDiscover.m */; };
		A895836720E5C57A00475318 /* ikcp.c in Sources */ = {isa = PBXBuildFile; fileRef = A895833620E5C57A00475318 /* ikcp.c */; };
		A895836820E5C57A00475318 /* MsgPingPong.m in Sources */ = {isa = PBXBuildFile; fileRef = A895833A20E5C57A00475318 /* MsgPingPong.m */; };
		A895836920E5C57A00475318 /* BasicMsgModel.m in Sources */ = {isa = PBXBuildFile; fileRef = A895833C20E5C57A00475318 /* BasicMsgModel.m */; };
		A895836A20E5C57A00475318 /* FormaterDataObj.m in Sources */ = {isa = PBXBuildFile; fileRef = A895833E20E5C57A00475318 /* FormaterDataObj.m */; };
		A895836B20E5C57A00475318 /* KcpOnUdpObj.m in Sources */ = {isa = PBXBuildFile; fileRef = A895834220E5C57A00475318 /* KcpOnUdpObj.m */; };
		A895836C20E5C57A00475318 /* MsgFind.m in Sources */ = {isa = PBXBuildFile; fileRef = A895834320E5C57A00475318 /* MsgFind.m */; };
		A895836D20E5C57A00475318 /* MsgTransaction.m in Sources */ = {isa = PBXBuildFile; fileRef = A895834420E5C57A00475318 /* MsgTransaction.m */; };
		A895836E20E5C57A00475318 /* NSData+UTF8.m in Sources */ = {isa = PBXBuildFile; fileRef = A895834920E5C57A00475318 /* NSData+UTF8.m */; };
		A895836F20E5C57A00475318 /* GCDTimer.m in Sources */ = {isa = PBXBuildFile; fileRef = A895834A20E5C57A00475318 /* GCDTimer.m */; };
		A895837020E5C57A00475318 /* NetEncrypt.m in Sources */ = {isa = PBXBuildFile; fileRef = A895834E20E5C57A00475318 /* NetEncrypt.m */; };
		A895837120E5C57A00475318 /* CBIPAdress.m in Sources */ = {isa = PBXBuildFile; fileRef = A895834F20E5C57A00475318 /* CBIPAdress.m */; };
		A895837220E5C57A00475318 /* NSDate+Timestamp.m in Sources */ = {isa = PBXBuildFile; fileRef = A895835220E5C57A00475318 /* NSDate+Timestamp.m */; };
		A895837320E5C57A00475318 /* CBKeychain.m in Sources */ = {isa = PBXBuildFile; fileRef = A895835320E5C57A00475318 /* CBKeychain.m */; };
		A895837420E5C57A00475318 /* KUNetWorkManager.m in Sources */ = {isa = PBXBuildFile; fileRef = A895835820E5C57A00475318 /* KUNetWorkManager.m */; };
		A895837520E5C57A00475318 /* KUNetWorking.m in Sources */ = {isa = PBXBuildFile; fileRef = A895835920E5C57A00475318 /* KUNetWorking.m */; };
		A895837620E5C57A00475318 /* KUKcpDataQueue.m in Sources */ = {isa = PBXBuildFile; fileRef = A895835A20E5C57A00475318 /* KUKcpDataQueue.m */; };
		A895837720E5C57A00475318 /* UDPManager.m in Sources */ = {isa = PBXBuildFile; fileRef = A895835C20E5C57A00475318 /* UDPManager.m */; };
		A895837820E5C57A00475318 /* KUKcpOnUdp.m in Sources */ = {isa = PBXBuildFile; fileRef = A895835D20E5C57A00475318 /* KUKcpOnUdp.m */; };
		A895837920E5C57A00475318 /* NetConnNode.m in Sources */ = {isa = PBXBuildFile; fileRef = A895836120E5C57A00475318 /* NetConnNode.m */; };
		A895837A20E5C57A00475318 /* BCNetWorking.m in Sources */ = {isa = PBXBuildFile; fileRef = A895836220E5C57A00475318 /* BCNetWorking.m */; };
/* End PBXBuildFile section */

/* Begin PBXContainerItemProxy section */
		A83414F120E5BB4A006EC41F /* PBXContainerItemProxy */ = {
			isa = PBXContainerItemProxy;
			containerPortal = A83414D020E5BB49006EC41F /* Project object */;
			proxyType = 1;
			remoteGlobalIDString = A83414D720E5BB4A006EC41F;
			remoteInfo = ABChainNet;
		};
		A83414FC20E5BB4A006EC41F /* PBXContainerItemProxy */ = {
			isa = PBXContainerItemProxy;
			containerPortal = A83414D020E5BB49006EC41F /* Project object */;
			proxyType = 1;
			remoteGlobalIDString = A83414D720E5BB4A006EC41F;
			remoteInfo = ABChainNet;
		};
/* End PBXContainerItemProxy section */

/* Begin PBXFileReference section */
		4C448C84DDFF98F1721CAF81 /* Pods-ABChainNet.debug.xcconfig */ = {isa = PBXFileReference; includeInIndex = 1; lastKnownFileType = text.xcconfig; name = "Pods-ABChainNet.debug.xcconfig"; path = "Pods/Target Support Files/Pods-ABChainNet/Pods-ABChainNet.debug.xcconfig"; sourceTree = "<group>"; };
		7E1423FEBF470D66E740B649 /* Pods-ABChainNet.release.xcconfig */ = {isa = PBXFileReference; includeInIndex = 1; lastKnownFileType = text.xcconfig; name = "Pods-ABChainNet.release.xcconfig"; path = "Pods/Target Support Files/Pods-ABChainNet/Pods-ABChainNet.release.xcconfig"; sourceTree = "<group>"; };
		821EA88CFF6DE769965F55F1 /* libPods-ABChainNet.a */ = {isa = PBXFileReference; explicitFileType = archive.ar; includeInIndex = 0; path = "libPods-ABChainNet.a"; sourceTree = BUILT_PRODUCTS_DIR; };
		A83414D820E5BB4A006EC41F /* ABChainNet.app */ = {isa = PBXFileReference; explicitFileType = wrapper.application; includeInIndex = 0; path = ABChainNet.app; sourceTree = BUILT_PRODUCTS_DIR; };
		A83414DB20E5BB4A006EC41F /* AppDelegate.h */ = {isa = PBXFileReference; lastKnownFileType = sourcecode.c.h; path = AppDelegate.h; sourceTree = "<group>"; };
		A83414DC20E5BB4A006EC41F /* AppDelegate.m */ = {isa = PBXFileReference; lastKnownFileType = sourcecode.c.objc; path = AppDelegate.m; sourceTree = "<group>"; };
		A83414DE20E5BB4A006EC41F /* ViewController.h */ = {isa = PBXFileReference; lastKnownFileType = sourcecode.c.h; path = ViewController.h; sourceTree = "<group>"; };
		A83414DF20E5BB4A006EC41F /* ViewController.m */ = {isa = PBXFileReference; lastKnownFileType = sourcecode.c.objc; path = ViewController.m; sourceTree = "<group>"; };
		A83414E220E5BB4A006EC41F /* Base */ = {isa = PBXFileReference; lastKnownFileType = file.storyboard; name = Base; path = Base.lproj/Main.storyboard; sourceTree = "<group>"; };
		A83414E420E5BB4A006EC41F /* Assets.xcassets */ = {isa = PBXFileReference; lastKnownFileType = folder.assetcatalog; path = Assets.xcassets; sourceTree = "<group>"; };
		A83414E720E5BB4A006EC41F /* Base */ = {isa = PBXFileReference; lastKnownFileType = file.storyboard; name = Base; path = Base.lproj/LaunchScreen.storyboard; sourceTree = "<group>"; };
		A83414E920E5BB4A006EC41F /* Info.plist */ = {isa = PBXFileReference; lastKnownFileType = text.plist.xml; path = Info.plist; sourceTree = "<group>"; };
		A83414EA20E5BB4A006EC41F /* main.m */ = {isa = PBXFileReference; lastKnownFileType = sourcecode.c.objc; path = main.m; sourceTree = "<group>"; };
		A83414F020E5BB4A006EC41F /* ABChainNetTests.xctest */ = {isa = PBXFileReference; explicitFileType = wrapper.cfbundle; includeInIndex = 0; path = ABChainNetTests.xctest; sourceTree = BUILT_PRODUCTS_DIR; };
		A83414F420E5BB4A006EC41F /* ABChainNetTests.m */ = {isa = PBXFileReference; lastKnownFileType = sourcecode.c.objc; path = ABChainNetTests.m; sourceTree = "<group>"; };
		A83414F620E5BB4A006EC41F /* Info.plist */ = {isa = PBXFileReference; lastKnownFileType = text.plist.xml; path = Info.plist; sourceTree = "<group>"; };
		A83414FB20E5BB4A006EC41F /* ABChainNetUITests.xctest */ = {isa = PBXFileReference; explicitFileType = wrapper.cfbundle; includeInIndex = 0; path = ABChainNetUITests.xctest; sourceTree = BUILT_PRODUCTS_DIR; };
		A83414FF20E5BB4A006EC41F /* ABChainNetUITests.m */ = {isa = PBXFileReference; lastKnownFileType = sourcecode.c.objc; path = ABChainNetUITests.m; sourceTree = "<group>"; };
		A834150120E5BB4A006EC41F /* Info.plist */ = {isa = PBXFileReference; lastKnownFileType = text.plist.xml; path = Info.plist; sourceTree = "<group>"; };
		A89582E320E5C51100475318 /* Pbmessage.pbobjc.m */ = {isa = PBXFileReference; fileEncoding = 4; lastKnownFileType = sourcecode.c.objc; path = Pbmessage.pbobjc.m; sourceTree = "<group>"; };
		A89582E420E5C51100475318 /* Pbmessage.pbobjc.h */ = {isa = PBXFileReference; fileEncoding = 4; lastKnownFileType = sourcecode.c.h; path = Pbmessage.pbobjc.h; sourceTree = "<group>"; };
		A895833220E5C57A00475318 /* BCNetWorkingHandle.m */ = {isa = PBXFileReference; fileEncoding = 4; lastKnownFileType = sourcecode.c.objc; path = BCNetWorkingHandle.m; sourceTree = "<group>"; };
		A895833320E5C57A00475318 /* MsgVersion.m */ = {isa = PBXFileReference; fileEncoding = 4; lastKnownFileType = sourcecode.c.objc; path = MsgVersion.m; sourceTree = "<group>"; };
		A895833420E5C57A00475318 /* FormaterDataObj.h */ = {isa = PBXFileReference; fileEncoding = 4; lastKnownFileType = sourcecode.c.h; path = FormaterDataObj.h; sourceTree = "<group>"; };
		A895833520E5C57A00475318 /* MsgDiscover.m */ = {isa = PBXFileReference; fileEncoding = 4; lastKnownFileType = sourcecode.c.objc; path = MsgDiscover.m; sourceTree = "<group>"; };
		A895833620E5C57A00475318 /* ikcp.c */ = {isa = PBXFileReference; fileEncoding = 4; lastKnownFileType = sourcecode.c.c; path = ikcp.c; sourceTree = "<group>"; };
		A895833720E5C57A00475318 /* MsgTransaction.h */ = {isa = PBXFileReference; fileEncoding = 4; lastKnownFileType = sourcecode.c.h; path = MsgTransaction.h; sourceTree = "<group>"; };
		A895833820E5C57A00475318 /* MsgFind.h */ = {isa = PBXFileReference; fileEncoding = 4; lastKnownFileType = sourcecode.c.h; path = MsgFind.h; sourceTree = "<group>"; };
		A895833920E5C57A00475318 /* KcpOnUdpObj.h */ = {isa = PBXFileReference; fileEncoding = 4; lastKnownFileType = sourcecode.c.h; path = KcpOnUdpObj.h; sourceTree = "<group>"; };
		A895833A20E5C57A00475318 /* MsgPingPong.m */ = {isa = PBXFileReference; fileEncoding = 4; lastKnownFileType = sourcecode.c.objc; path = MsgPingPong.m; sourceTree = "<group>"; };
		A895833B20E5C57A00475318 /* cfunc.h */ = {isa = PBXFileReference; fileEncoding = 4; lastKnownFileType = sourcecode.c.h; path = cfunc.h; sourceTree = "<group>"; };
		A895833C20E5C57A00475318 /* BasicMsgModel.m */ = {isa = PBXFileReference; fileEncoding = 4; lastKnownFileType = sourcecode.c.objc; path = BasicMsgModel.m; sourceTree = "<group>"; };
		A895833D20E5C57A00475318 /* BCNetWorkingHandle.h */ = {isa = PBXFileReference; fileEncoding = 4; lastKnownFileType = sourcecode.c.h; path = BCNetWorkingHandle.h; sourceTree = "<group>"; };
		A895833E20E5C57A00475318 /* FormaterDataObj.m */ = {isa = PBXFileReference; fileEncoding = 4; lastKnownFileType = sourcecode.c.objc; path = FormaterDataObj.m; sourceTree = "<group>"; };
		A895833F20E5C57A00475318 /* MsgVersion.h */ = {isa = PBXFileReference; fileEncoding = 4; lastKnownFileType = sourcecode.c.h; path = MsgVersion.h; sourceTree = "<group>"; };
		A895834020E5C57A00475318 /* ikcp.h */ = {isa = PBXFileReference; fileEncoding = 4; lastKnownFileType = sourcecode.c.h; path = ikcp.h; sourceTree = "<group>"; };
		A895834120E5C57A00475318 /* MsgDiscover.h */ = {isa = PBXFileReference; fileEncoding = 4; lastKnownFileType = sourcecode.c.h; path = MsgDiscover.h; sourceTree = "<group>"; };
		A895834220E5C57A00475318 /* KcpOnUdpObj.m */ = {isa = PBXFileReference; fileEncoding = 4; lastKnownFileType = sourcecode.c.objc; path = KcpOnUdpObj.m; sourceTree = "<group>"; };
		A895834320E5C57A00475318 /* MsgFind.m */ = {isa = PBXFileReference; fileEncoding = 4; lastKnownFileType = sourcecode.c.objc; path = MsgFind.m; sourceTree = "<group>"; };
		A895834420E5C57A00475318 /* MsgTransaction.m */ = {isa = PBXFileReference; fileEncoding = 4; lastKnownFileType = sourcecode.c.objc; path = MsgTransaction.m; sourceTree = "<group>"; };
		A895834520E5C57A00475318 /* BasicMsgModel.h */ = {isa = PBXFileReference; fileEncoding = 4; lastKnownFileType = sourcecode.c.h; path = BasicMsgModel.h; sourceTree = "<group>"; };
		A895834620E5C57A00475318 /* MsgPingPong.h */ = {isa = PBXFileReference; fileEncoding = 4; lastKnownFileType = sourcecode.c.h; path = MsgPingPong.h; sourceTree = "<group>"; };
		A895834820E5C57A00475318 /* NetEncrypt.h */ = {isa = PBXFileReference; fileEncoding = 4; lastKnownFileType = sourcecode.c.h; path = NetEncrypt.h; sourceTree = "<group>"; };
		A895834920E5C57A00475318 /* NSData+UTF8.m */ = {isa = PBXFileReference; fileEncoding = 4; lastKnownFileType = sourcecode.c.objc; path = "NSData+UTF8.m"; sourceTree = "<group>"; };
		A895834A20E5C57A00475318 /* GCDTimer.m */ = {isa = PBXFileReference; fileEncoding = 4; lastKnownFileType = sourcecode.c.objc; path = GCDTimer.m; sourceTree = "<group>"; };
		A895834B20E5C57A00475318 /* CBIPAdress.h */ = {isa = PBXFileReference; fileEncoding = 4; lastKnownFileType = sourcecode.c.h; path = CBIPAdress.h; sourceTree = "<group>"; };
		A895834C20E5C57A00475318 /* NSDate+Timestamp.h */ = {isa = PBXFileReference; fileEncoding = 4; lastKnownFileType = sourcecode.c.h; path = "NSDate+Timestamp.h"; sourceTree = "<group>"; };
		A895834D20E5C57A00475318 /* CBKeychain.h */ = {isa = PBXFileReference; fileEncoding = 4; lastKnownFileType = sourcecode.c.h; path = CBKeychain.h; sourceTree = "<group>"; };
		A895834E20E5C57A00475318 /* NetEncrypt.m */ = {isa = PBXFileReference; fileEncoding = 4; lastKnownFileType = sourcecode.c.objc; path = NetEncrypt.m; sourceTree = "<group>"; };
		A895834F20E5C57A00475318 /* CBIPAdress.m */ = {isa = PBXFileReference; fileEncoding = 4; lastKnownFileType = sourcecode.c.objc; path = CBIPAdress.m; sourceTree = "<group>"; };
		A895835020E5C57A00475318 /* GCDTimer.h */ = {isa = PBXFileReference; fileEncoding = 4; lastKnownFileType = sourcecode.c.h; path = GCDTimer.h; sourceTree = "<group>"; };
		A895835120E5C57A00475318 /* NSData+UTF8.h */ = {isa = PBXFileReference; fileEncoding = 4; lastKnownFileType = sourcecode.c.h; path = "NSData+UTF8.h"; sourceTree = "<group>"; };
		A895835220E5C57A00475318 /* NSDate+Timestamp.m */ = {isa = PBXFileReference; fileEncoding = 4; lastKnownFileType = sourcecode.c.objc; path = "NSDate+Timestamp.m"; sourceTree = "<group>"; };
		A895835320E5C57A00475318 /* CBKeychain.m */ = {isa = PBXFileReference; fileEncoding = 4; lastKnownFileType = sourcecode.c.objc; path = CBKeychain.m; sourceTree = "<group>"; };
		A895835520E5C57A00475318 /* KUKcpOnUdp.h */ = {isa = PBXFileReference; fileEncoding = 4; lastKnownFileType = sourcecode.c.h; path = KUKcpOnUdp.h; sourceTree = "<group>"; };
		A895835620E5C57A00475318 /* UDPManager.h */ = {isa = PBXFileReference; fileEncoding = 4; lastKnownFileType = sourcecode.c.h; path = UDPManager.h; sourceTree = "<group>"; };
		A895835720E5C57A00475318 /* NetConnNode.h */ = {isa = PBXFileReference; fileEncoding = 4; lastKnownFileType = sourcecode.c.h; path = NetConnNode.h; sourceTree = "<group>"; };
		A895835820E5C57A00475318 /* KUNetWorkManager.m */ = {isa = PBXFileReference; fileEncoding = 4; lastKnownFileType = sourcecode.c.objc; path = KUNetWorkManager.m; sourceTree = "<group>"; };
		A895835920E5C57A00475318 /* KUNetWorking.m */ = {isa = PBXFileReference; fileEncoding = 4; lastKnownFileType = sourcecode.c.objc; path = KUNetWorking.m; sourceTree = "<group>"; };
		A895835A20E5C57A00475318 /* KUKcpDataQueue.m */ = {isa = PBXFileReference; fileEncoding = 4; lastKnownFileType = sourcecode.c.objc; path = KUKcpDataQueue.m; sourceTree = "<group>"; };
		A895835B20E5C57A00475318 /* BCNetWorking.h */ = {isa = PBXFileReference; fileEncoding = 4; lastKnownFileType = sourcecode.c.h; path = BCNetWorking.h; sourceTree = "<group>"; };
		A895835C20E5C57A00475318 /* UDPManager.m */ = {isa = PBXFileReference; fileEncoding = 4; lastKnownFileType = sourcecode.c.objc; path = UDPManager.m; sourceTree = "<group>"; };
		A895835D20E5C57A00475318 /* KUKcpOnUdp.m */ = {isa = PBXFileReference; fileEncoding = 4; lastKnownFileType = sourcecode.c.objc; path = KUKcpOnUdp.m; sourceTree = "<group>"; };
		A895835E20E5C57A00475318 /* KUNetWorkHeader.h */ = {isa = PBXFileReference; fileEncoding = 4; lastKnownFileType = sourcecode.c.h; path = KUNetWorkHeader.h; sourceTree = "<group>"; };
		A895835F20E5C57A00475318 /* KUNetWorking.h */ = {isa = PBXFileReference; fileEncoding = 4; lastKnownFileType = sourcecode.c.h; path = KUNetWorking.h; sourceTree = "<group>"; };
		A895836020E5C57A00475318 /* KUNetWorkManager.h */ = {isa = PBXFileReference; fileEncoding = 4; lastKnownFileType = sourcecode.c.h; path = KUNetWorkManager.h; sourceTree = "<group>"; };
		A895836120E5C57A00475318 /* NetConnNode.m */ = {isa = PBXFileReference; fileEncoding = 4; lastKnownFileType = sourcecode.c.objc; path = NetConnNode.m; sourceTree = "<group>"; };
		A895836220E5C57A00475318 /* BCNetWorking.m */ = {isa = PBXFileReference; fileEncoding = 4; lastKnownFileType = sourcecode.c.objc; path = BCNetWorking.m; sourceTree = "<group>"; };
		A895836320E5C57A00475318 /* KUKcpDataQueue.h */ = {isa = PBXFileReference; fileEncoding = 4; lastKnownFileType = sourcecode.c.h; path = KUKcpDataQueue.h; sourceTree = "<group>"; };
/* End PBXFileReference section */

/* Begin PBXFrameworksBuildPhase section */
		A83414D520E5BB4A006EC41F /* Frameworks */ = {
			isa = PBXFrameworksBuildPhase;
			buildActionMask = 2147483647;
			files = (
				231BB5A7D49936420A8538F3 /* libPods-ABChainNet.a in Frameworks */,
			);
			runOnlyForDeploymentPostprocessing = 0;
		};
		A83414ED20E5BB4A006EC41F /* Frameworks */ = {
			isa = PBXFrameworksBuildPhase;
			buildActionMask = 2147483647;
			files = (
			);
			runOnlyForDeploymentPostprocessing = 0;
		};
		A83414F820E5BB4A006EC41F /* Frameworks */ = {
			isa = PBXFrameworksBuildPhase;
			buildActionMask = 2147483647;
			files = (
			);
			runOnlyForDeploymentPostprocessing = 0;
		};
/* End PBXFrameworksBuildPhase section */

/* Begin PBXGroup section */
		573B55AEBB9C811622B9022C /* Pods */ = {
			isa = PBXGroup;
			children = (
				4C448C84DDFF98F1721CAF81 /* Pods-ABChainNet.debug.xcconfig */,
				7E1423FEBF470D66E740B649 /* Pods-ABChainNet.release.xcconfig */,
			);
			name = Pods;
			sourceTree = "<group>";
		};
		5F14E76551FD1752E625C2EC /* Frameworks */ = {
			isa = PBXGroup;
			children = (
				821EA88CFF6DE769965F55F1 /* libPods-ABChainNet.a */,
			);
			name = Frameworks;
			sourceTree = "<group>";
		};
		A83414CF20E5BB49006EC41F = {
			isa = PBXGroup;
			children = (
				A83414DA20E5BB4A006EC41F /* ABChainNet */,
				A83414F320E5BB4A006EC41F /* ABChainNetTests */,
				A83414FE20E5BB4A006EC41F /* ABChainNetUITests */,
				A83414D920E5BB4A006EC41F /* Products */,
				573B55AEBB9C811622B9022C /* Pods */,
				5F14E76551FD1752E625C2EC /* Frameworks */,
			);
			sourceTree = "<group>";
		};
		A83414D920E5BB4A006EC41F /* Products */ = {
			isa = PBXGroup;
			children = (
				A83414D820E5BB4A006EC41F /* ABChainNet.app */,
				A83414F020E5BB4A006EC41F /* ABChainNetTests.xctest */,
				A83414FB20E5BB4A006EC41F /* ABChainNetUITests.xctest */,
			);
			name = Products;
			sourceTree = "<group>";
		};
		A83414DA20E5BB4A006EC41F /* ABChainNet */ = {
			isa = PBXGroup;
			children = (
				A834150D20E5BCA9006EC41F /* ChainNet */,
				A83414DB20E5BB4A006EC41F /* AppDelegate.h */,
				A83414DC20E5BB4A006EC41F /* AppDelegate.m */,
				A83414DE20E5BB4A006EC41F /* ViewController.h */,
				A83414DF20E5BB4A006EC41F /* ViewController.m */,
				A83414E120E5BB4A006EC41F /* Main.storyboard */,
				A83414E420E5BB4A006EC41F /* Assets.xcassets */,
				A83414E620E5BB4A006EC41F /* LaunchScreen.storyboard */,
				A83414E920E5BB4A006EC41F /* Info.plist */,
				A83414EA20E5BB4A006EC41F /* main.m */,
			);
			path = ABChainNet;
			sourceTree = "<group>";
		};
		A83414F320E5BB4A006EC41F /* ABChainNetTests */ = {
			isa = PBXGroup;
			children = (
				A83414F420E5BB4A006EC41F /* ABChainNetTests.m */,
				A83414F620E5BB4A006EC41F /* Info.plist */,
			);
			path = ABChainNetTests;
			sourceTree = "<group>";
		};
		A83414FE20E5BB4A006EC41F /* ABChainNetUITests */ = {
			isa = PBXGroup;
			children = (
				A83414FF20E5BB4A006EC41F /* ABChainNetUITests.m */,
				A834150120E5BB4A006EC41F /* Info.plist */,
			);
			path = ABChainNetUITests;
			sourceTree = "<group>";
		};
		A834150D20E5BCA9006EC41F /* ChainNet */ = {
			isa = PBXGroup;
			children = (
				A895833120E5C57A00475318 /* Model */,
				A895835420E5C57A00475318 /* NetWork */,
				A895834720E5C57A00475318 /* Utils */,
				A89582E220E5C51100475318 /* MRC */,
			);
			path = ChainNet;
			sourceTree = SOURCE_ROOT;
		};
		A89582E220E5C51100475318 /* MRC */ = {
			isa = PBXGroup;
			children = (
				A89582E320E5C51100475318 /* Pbmessage.pbobjc.m */,
				A89582E420E5C51100475318 /* Pbmessage.pbobjc.h */,
			);
			path = MRC;
			sourceTree = "<group>";
		};
		A895833120E5C57A00475318 /* Model */ = {
			isa = PBXGroup;
			children = (
				A895834520E5C57A00475318 /* BasicMsgModel.h */,
				A895833C20E5C57A00475318 /* BasicMsgModel.m */,
				A895833D20E5C57A00475318 /* BCNetWorkingHandle.h */,
				A895833220E5C57A00475318 /* BCNetWorkingHandle.m */,
				A895833B20E5C57A00475318 /* cfunc.h */,
				A895833420E5C57A00475318 /* FormaterDataObj.h */,
				A895833E20E5C57A00475318 /* FormaterDataObj.m */,
				A895833620E5C57A00475318 /* ikcp.c */,
				A895834020E5C57A00475318 /* ikcp.h */,
				A895833920E5C57A00475318 /* KcpOnUdpObj.h */,
				A895834220E5C57A00475318 /* KcpOnUdpObj.m */,
				A895834120E5C57A00475318 /* MsgDiscover.h */,
				A895833520E5C57A00475318 /* MsgDiscover.m */,
				A895833820E5C57A00475318 /* MsgFind.h */,
				A895834320E5C57A00475318 /* MsgFind.m */,
				A895834620E5C57A00475318 /* MsgPingPong.h */,
				A895833A20E5C57A00475318 /* MsgPingPong.m */,
				A895833720E5C57A00475318 /* MsgTransaction.h */,
				A895834420E5C57A00475318 /* MsgTransaction.m */,
				A895833F20E5C57A00475318 /* MsgVersion.h */,
				A895833320E5C57A00475318 /* MsgVersion.m */,
			);
			path = Model;
			sourceTree = "<group>";
		};
		A895834720E5C57A00475318 /* Utils */ = {
			isa = PBXGroup;
			children = (
				A895834820E5C57A00475318 /* NetEncrypt.h */,
				A895834920E5C57A00475318 /* NSData+UTF8.m */,
				A895834A20E5C57A00475318 /* GCDTimer.m */,
				A895834B20E5C57A00475318 /* CBIPAdress.h */,
				A895834C20E5C57A00475318 /* NSDate+Timestamp.h */,
				A895834D20E5C57A00475318 /* CBKeychain.h */,
				A895834E20E5C57A00475318 /* NetEncrypt.m */,
				A895834F20E5C57A00475318 /* CBIPAdress.m */,
				A895835020E5C57A00475318 /* GCDTimer.h */,
				A895835120E5C57A00475318 /* NSData+UTF8.h */,
				A895835220E5C57A00475318 /* NSDate+Timestamp.m */,
				A895835320E5C57A00475318 /* CBKeychain.m */,
			);
			path = Utils;
			sourceTree = "<group>";
		};
		A895835420E5C57A00475318 /* NetWork */ = {
			isa = PBXGroup;
			children = (
				A895835B20E5C57A00475318 /* BCNetWorking.h */,
				A895836220E5C57A00475318 /* BCNetWorking.m */,
				A895836320E5C57A00475318 /* KUKcpDataQueue.h */,
				A895835A20E5C57A00475318 /* KUKcpDataQueue.m */,
				A895835520E5C57A00475318 /* KUKcpOnUdp.h */,
				A895835D20E5C57A00475318 /* KUKcpOnUdp.m */,
				A895835E20E5C57A00475318 /* KUNetWorkHeader.h */,
				A895835F20E5C57A00475318 /* KUNetWorking.h */,
				A895835920E5C57A00475318 /* KUNetWorking.m */,
				A895836020E5C57A00475318 /* KUNetWorkManager.h */,
				A895835820E5C57A00475318 /* KUNetWorkManager.m */,
				A895835720E5C57A00475318 /* NetConnNode.h */,
				A895836120E5C57A00475318 /* NetConnNode.m */,
				A895835620E5C57A00475318 /* UDPManager.h */,
				A895835C20E5C57A00475318 /* UDPManager.m */,
			);
			path = NetWork;
			sourceTree = "<group>";
		};
/* End PBXGroup section */

/* Begin PBXNativeTarget section */
		A83414D720E5BB4A006EC41F /* ABChainNet */ = {
			isa = PBXNativeTarget;
			buildConfigurationList = A834150420E5BB4A006EC41F /* Build configuration list for PBXNativeTarget "ABChainNet" */;
			buildPhases = (
				318EE4146158480EBB904E3D /* [CP] Check Pods Manifest.lock */,
				A83414D420E5BB4A006EC41F /* Sources */,
				A83414D520E5BB4A006EC41F /* Frameworks */,
				A83414D620E5BB4A006EC41F /* Resources */,
			);
			buildRules = (
			);
			dependencies = (
			);
			name = ABChainNet;
			productName = ABChainNet;
			productReference = A83414D820E5BB4A006EC41F /* ABChainNet.app */;
			productType = "com.apple.product-type.application";
		};
		A83414EF20E5BB4A006EC41F /* ABChainNetTests */ = {
			isa = PBXNativeTarget;
			buildConfigurationList = A834150720E5BB4A006EC41F /* Build configuration list for PBXNativeTarget "ABChainNetTests" */;
			buildPhases = (
				A83414EC20E5BB4A006EC41F /* Sources */,
				A83414ED20E5BB4A006EC41F /* Frameworks */,
				A83414EE20E5BB4A006EC41F /* Resources */,
			);
			buildRules = (
			);
			dependencies = (
				A83414F220E5BB4A006EC41F /* PBXTargetDependency */,
			);
			name = ABChainNetTests;
			productName = ABChainNetTests;
			productReference = A83414F020E5BB4A006EC41F /* ABChainNetTests.xctest */;
			productType = "com.apple.product-type.bundle.unit-test";
		};
		A83414FA20E5BB4A006EC41F /* ABChainNetUITests */ = {
			isa = PBXNativeTarget;
			buildConfigurationList = A834150A20E5BB4A006EC41F /* Build configuration list for PBXNativeTarget "ABChainNetUITests" */;
			buildPhases = (
				A83414F720E5BB4A006EC41F /* Sources */,
				A83414F820E5BB4A006EC41F /* Frameworks */,
				A83414F920E5BB4A006EC41F /* Resources */,
			);
			buildRules = (
			);
			dependencies = (
				A83414FD20E5BB4A006EC41F /* PBXTargetDependency */,
			);
			name = ABChainNetUITests;
			productName = ABChainNetUITests;
			productReference = A83414FB20E5BB4A006EC41F /* ABChainNetUITests.xctest */;
			productType = "com.apple.product-type.bundle.ui-testing";
		};
/* End PBXNativeTarget section */

/* Begin PBXProject section */
		A83414D020E5BB49006EC41F /* Project object */ = {
			isa = PBXProject;
			attributes = {
				LastUpgradeCheck = 0940;
				ORGANIZATIONNAME = caobo56;
				TargetAttributes = {
					A83414D720E5BB4A006EC41F = {
						CreatedOnToolsVersion = 9.4;
					};
					A83414EF20E5BB4A006EC41F = {
						CreatedOnToolsVersion = 9.4;
						TestTargetID = A83414D720E5BB4A006EC41F;
					};
					A83414FA20E5BB4A006EC41F = {
						CreatedOnToolsVersion = 9.4;
						TestTargetID = A83414D720E5BB4A006EC41F;
					};
				};
			};
			buildConfigurationList = A83414D320E5BB49006EC41F /* Build configuration list for PBXProject "ABChainNet" */;
			compatibilityVersion = "Xcode 9.3";
			developmentRegion = en;
			hasScannedForEncodings = 0;
			knownRegions = (
				en,
				Base,
			);
			mainGroup = A83414CF20E5BB49006EC41F;
			productRefGroup = A83414D920E5BB4A006EC41F /* Products */;
			projectDirPath = "";
			projectRoot = "";
			targets = (
				A83414D720E5BB4A006EC41F /* ABChainNet */,
				A83414EF20E5BB4A006EC41F /* ABChainNetTests */,
				A83414FA20E5BB4A006EC41F /* ABChainNetUITests */,
			);
		};
/* End PBXProject section */

/* Begin PBXResourcesBuildPhase section */
		A83414D620E5BB4A006EC41F /* Resources */ = {
			isa = PBXResourcesBuildPhase;
			buildActionMask = 2147483647;
			files = (
				A83414E820E5BB4A006EC41F /* LaunchScreen.storyboard in Resources */,
				A83414E520E5BB4A006EC41F /* Assets.xcassets in Resources */,
				A83414E320E5BB4A006EC41F /* Main.storyboard in Resources */,
			);
			runOnlyForDeploymentPostprocessing = 0;
		};
		A83414EE20E5BB4A006EC41F /* Resources */ = {
			isa = PBXResourcesBuildPhase;
			buildActionMask = 2147483647;
			files = (
			);
			runOnlyForDeploymentPostprocessing = 0;
		};
		A83414F920E5BB4A006EC41F /* Resources */ = {
			isa = PBXResourcesBuildPhase;
			buildActionMask = 2147483647;
			files = (
			);
			runOnlyForDeploymentPostprocessing = 0;
		};
/* End PBXResourcesBuildPhase section */

/* Begin PBXShellScriptBuildPhase section */
		318EE4146158480EBB904E3D /* [CP] Check Pods Manifest.lock */ = {
			isa = PBXShellScriptBuildPhase;
			buildActionMask = 2147483647;
			files = (
			);
			inputPaths = (
				"${PODS_PODFILE_DIR_PATH}/Podfile.lock",
				"${PODS_ROOT}/Manifest.lock",
			);
			name = "[CP] Check Pods Manifest.lock";
			outputPaths = (
				"$(DERIVED_FILE_DIR)/Pods-ABChainNet-checkManifestLockResult.txt",
			);
			runOnlyForDeploymentPostprocessing = 0;
			shellPath = /bin/sh;
			shellScript = "diff \"${PODS_PODFILE_DIR_PATH}/Podfile.lock\" \"${PODS_ROOT}/Manifest.lock\" > /dev/null\nif [ $? != 0 ] ; then\n    # print error to STDERR\n    echo \"error: The sandbox is not in sync with the Podfile.lock. Run 'pod install' or update your CocoaPods installation.\" >&2\n    exit 1\nfi\n# This output is used by Xcode 'outputs' to avoid re-running this script phase.\necho \"SUCCESS\" > \"${SCRIPT_OUTPUT_FILE_0}\"\n";
			showEnvVarsInLog = 0;
		};
/* End PBXShellScriptBuildPhase section */

/* Begin PBXSourcesBuildPhase section */
		A83414D420E5BB4A006EC41F /* Sources */ = {
			isa = PBXSourcesBuildPhase;
			buildActionMask = 2147483647;
			files = (
				A895836520E5C57A00475318 /* MsgVersion.m in Sources */,
				A83414E020E5BB4A006EC41F /* ViewController.m in Sources */,
				A895836D20E5C57A00475318 /* MsgTransaction.m in Sources */,
				A895837720E5C57A00475318 /* UDPManager.m in Sources */,
				A83414EB20E5BB4A006EC41F /* main.m in Sources */,
				A895836F20E5C57A00475318 /* GCDTimer.m in Sources */,
				A895836E20E5C57A00475318 /* NSData+UTF8.m in Sources */,
				A895837920E5C57A00475318 /* NetConnNode.m in Sources */,
				A895836620E5C57A00475318 /* MsgDiscover.m in Sources */,
				A895836C20E5C57A00475318 /* MsgFind.m in Sources */,
				A895837320E5C57A00475318 /* CBKeychain.m in Sources */,
				A895837520E5C57A00475318 /* KUNetWorking.m in Sources */,
				A895836920E5C57A00475318 /* BasicMsgModel.m in Sources */,
				A895837A20E5C57A00475318 /* BCNetWorking.m in Sources */,
				A895836420E5C57A00475318 /* BCNetWorkingHandle.m in Sources */,
				A895837820E5C57A00475318 /* KUKcpOnUdp.m in Sources */,
				A895837020E5C57A00475318 /* NetEncrypt.m in Sources */,
				A89582E520E5C51100475318 /* Pbmessage.pbobjc.m in Sources */,
				A895837420E5C57A00475318 /* KUNetWorkManager.m in Sources */,
				A895836B20E5C57A00475318 /* KcpOnUdpObj.m in Sources */,
				A895836720E5C57A00475318 /* ikcp.c in Sources */,
				A895837620E5C57A00475318 /* KUKcpDataQueue.m in Sources */,
				A895836820E5C57A00475318 /* MsgPingPong.m in Sources */,
				A895836A20E5C57A00475318 /* FormaterDataObj.m in Sources */,
				A895837220E5C57A00475318 /* NSDate+Timestamp.m in Sources */,
				A83414DD20E5BB4A006EC41F /* AppDelegate.m in Sources */,
				A895837120E5C57A00475318 /* CBIPAdress.m in Sources */,
			);
			runOnlyForDeploymentPostprocessing = 0;
		};
		A83414EC20E5BB4A006EC41F /* Sources */ = {
			isa = PBXSourcesBuildPhase;
			buildActionMask = 2147483647;
			files = (
				A83414F520E5BB4A006EC41F /* ABChainNetTests.m in Sources */,
			);
			runOnlyForDeploymentPostprocessing = 0;
		};
		A83414F720E5BB4A006EC41F /* Sources */ = {
			isa = PBXSourcesBuildPhase;
			buildActionMask = 2147483647;
			files = (
				A834150020E5BB4A006EC41F /* ABChainNetUITests.m in Sources */,
			);
			runOnlyForDeploymentPostprocessing = 0;
		};
/* End PBXSourcesBuildPhase section */

/* Begin PBXTargetDependency section */
		A83414F220E5BB4A006EC41F /* PBXTargetDependency */ = {
			isa = PBXTargetDependency;
			target = A83414D720E5BB4A006EC41F /* ABChainNet */;
			targetProxy = A83414F120E5BB4A006EC41F /* PBXContainerItemProxy */;
		};
		A83414FD20E5BB4A006EC41F /* PBXTargetDependency */ = {
			isa = PBXTargetDependency;
			target = A83414D720E5BB4A006EC41F /* ABChainNet */;
			targetProxy = A83414FC20E5BB4A006EC41F /* PBXContainerItemProxy */;
		};
/* End PBXTargetDependency section */

/* Begin PBXVariantGroup section */
		A83414E120E5BB4A006EC41F /* Main.storyboard */ = {
			isa = PBXVariantGroup;
			children = (
				A83414E220E5BB4A006EC41F /* Base */,
			);
			name = Main.storyboard;
			sourceTree = "<group>";
		};
		A83414E620E5BB4A006EC41F /* LaunchScreen.storyboard */ = {
			isa = PBXVariantGroup;
			children = (
				A83414E720E5BB4A006EC41F /* Base */,
			);
			name = LaunchScreen.storyboard;
			sourceTree = "<group>";
		};
/* End PBXVariantGroup section */

/* Begin XCBuildConfiguration section */
		A834150220E5BB4A006EC41F /* Debug */ = {
			isa = XCBuildConfiguration;
			buildSettings = {
				ALWAYS_SEARCH_USER_PATHS = NO;
				CLANG_ANALYZER_NONNULL = YES;
				CLANG_ANALYZER_NUMBER_OBJECT_CONVERSION = YES_AGGRESSIVE;
				CLANG_CXX_LANGUAGE_STANDARD = "gnu++14";
				CLANG_CXX_LIBRARY = "libc++";
				CLANG_ENABLE_MODULES = YES;
				CLANG_ENABLE_OBJC_ARC = YES;
				CLANG_ENABLE_OBJC_WEAK = YES;
				CLANG_WARN_BLOCK_CAPTURE_AUTORELEASING = YES;
				CLANG_WARN_BOOL_CONVERSION = YES;
				CLANG_WARN_COMMA = YES;
				CLANG_WARN_CONSTANT_CONVERSION = YES;
				CLANG_WARN_DEPRECATED_OBJC_IMPLEMENTATIONS = YES;
				CLANG_WARN_DIRECT_OBJC_ISA_USAGE = YES_ERROR;
				CLANG_WARN_DOCUMENTATION_COMMENTS = YES;
				CLANG_WARN_EMPTY_BODY = YES;
				CLANG_WARN_ENUM_CONVERSION = YES;
				CLANG_WARN_INFINITE_RECURSION = YES;
				CLANG_WARN_INT_CONVERSION = YES;
				CLANG_WARN_NON_LITERAL_NULL_CONVERSION = YES;
				CLANG_WARN_OBJC_IMPLICIT_RETAIN_SELF = YES;
				CLANG_WARN_OBJC_LITERAL_CONVERSION = YES;
				CLANG_WARN_OBJC_ROOT_CLASS = YES_ERROR;
				CLANG_WARN_RANGE_LOOP_ANALYSIS = YES;
				CLANG_WARN_STRICT_PROTOTYPES = YES;
				CLANG_WARN_SUSPICIOUS_MOVE = YES;
				CLANG_WARN_UNGUARDED_AVAILABILITY = YES_AGGRESSIVE;
				CLANG_WARN_UNREACHABLE_CODE = YES;
				CLANG_WARN__DUPLICATE_METHOD_MATCH = YES;
				CODE_SIGN_IDENTITY = "iPhone Developer";
				COPY_PHASE_STRIP = NO;
				DEBUG_INFORMATION_FORMAT = dwarf;
				ENABLE_STRICT_OBJC_MSGSEND = YES;
				ENABLE_TESTABILITY = YES;
				GCC_C_LANGUAGE_STANDARD = gnu11;
				GCC_DYNAMIC_NO_PIC = NO;
				GCC_NO_COMMON_BLOCKS = YES;
				GCC_OPTIMIZATION_LEVEL = 0;
				GCC_PREPROCESSOR_DEFINITIONS = (
					"DEBUG=1",
					"$(inherited)",
				);
				GCC_WARN_64_TO_32_BIT_CONVERSION = YES;
				GCC_WARN_ABOUT_RETURN_TYPE = YES_ERROR;
				GCC_WARN_UNDECLARED_SELECTOR = YES;
				GCC_WARN_UNINITIALIZED_AUTOS = YES_AGGRESSIVE;
				GCC_WARN_UNUSED_FUNCTION = YES;
				GCC_WARN_UNUSED_VARIABLE = YES;
				IPHONEOS_DEPLOYMENT_TARGET = 11.4;
				MTL_ENABLE_DEBUG_INFO = YES;
				ONLY_ACTIVE_ARCH = YES;
				SDKROOT = iphoneos;
			};
			name = Debug;
		};
		A834150320E5BB4A006EC41F /* Release */ = {
			isa = XCBuildConfiguration;
			buildSettings = {
				ALWAYS_SEARCH_USER_PATHS = NO;
				CLANG_ANALYZER_NONNULL = YES;
				CLANG_ANALYZER_NUMBER_OBJECT_CONVERSION = YES_AGGRESSIVE;
				CLANG_CXX_LANGUAGE_STANDARD = "gnu++14";
				CLANG_CXX_LIBRARY = "libc++";
				CLANG_ENABLE_MODULES = YES;
				CLANG_ENABLE_OBJC_ARC = YES;
				CLANG_ENABLE_OBJC_WEAK = YES;
				CLANG_WARN_BLOCK_CAPTURE_AUTORELEASING = YES;
				CLANG_WARN_BOOL_CONVERSION = YES;
				CLANG_WARN_COMMA = YES;
				CLANG_WARN_CONSTANT_CONVERSION = YES;
				CLANG_WARN_DEPRECATED_OBJC_IMPLEMENTATIONS = YES;
				CLANG_WARN_DIRECT_OBJC_ISA_USAGE = YES_ERROR;
				CLANG_WARN_DOCUMENTATION_COMMENTS = YES;
				CLANG_WARN_EMPTY_BODY = YES;
				CLANG_WARN_ENUM_CONVERSION = YES;
				CLANG_WARN_INFINITE_RECURSION = YES;
				CLANG_WARN_INT_CONVERSION = YES;
				CLANG_WARN_NON_LITERAL_NULL_CONVERSION = YES;
				CLANG_WARN_OBJC_IMPLICIT_RETAIN_SELF = YES;
				CLANG_WARN_OBJC_LITERAL_CONVERSION = YES;
				CLANG_WARN_OBJC_ROOT_CLASS = YES_ERROR;
				CLANG_WARN_RANGE_LOOP_ANALYSIS = YES;
				CLANG_WARN_STRICT_PROTOTYPES = YES;
				CLANG_WARN_SUSPICIOUS_MOVE = YES;
				CLANG_WARN_UNGUARDED_AVAILABILITY = YES_AGGRESSIVE;
				CLANG_WARN_UNREACHABLE_CODE = YES;
				CLANG_WARN__DUPLICATE_METHOD_MATCH = YES;
				CODE_SIGN_IDENTITY = "iPhone Developer";
				COPY_PHASE_STRIP = NO;
				DEBUG_INFORMATION_FORMAT = "dwarf-with-dsym";
				ENABLE_NS_ASSERTIONS = NO;
				ENABLE_STRICT_OBJC_MSGSEND = YES;
				GCC_C_LANGUAGE_STANDARD = gnu11;
				GCC_NO_COMMON_BLOCKS = YES;
				GCC_WARN_64_TO_32_BIT_CONVERSION = YES;
				GCC_WARN_ABOUT_RETURN_TYPE = YES_ERROR;
				GCC_WARN_UNDECLARED_SELECTOR = YES;
				GCC_WARN_UNINITIALIZED_AUTOS = YES_AGGRESSIVE;
				GCC_WARN_UNUSED_FUNCTION = YES;
				GCC_WARN_UNUSED_VARIABLE = YES;
				IPHONEOS_DEPLOYMENT_TARGET = 11.4;
				MTL_ENABLE_DEBUG_INFO = NO;
				SDKROOT = iphoneos;
				VALIDATE_PRODUCT = YES;
			};
			name = Release;
		};
		A834150520E5BB4A006EC41F /* Debug */ = {
			isa = XCBuildConfiguration;
			baseConfigurationReference = 4C448C84DDFF98F1721CAF81 /* Pods-ABChainNet.debug.xcconfig */;
			buildSettings = {
				ASSETCATALOG_COMPILER_APPICON_NAME = AppIcon;
				CODE_SIGN_STYLE = Automatic;
				DEVELOPMENT_TEAM = Q3SLH35FY4;
				INFOPLIST_FILE = ABChainNet/Info.plist;
				LD_RUNPATH_SEARCH_PATHS = (
					"$(inherited)",
					"@executable_path/Frameworks",
				);
				PRODUCT_BUNDLE_IDENTIFIER = com.cb.ABChainNet;
				PRODUCT_NAME = "$(TARGET_NAME)";
				TARGETED_DEVICE_FAMILY = "1,2";
			};
			name = Debug;
		};
		A834150620E5BB4A006EC41F /* Release */ = {
			isa = XCBuildConfiguration;
			baseConfigurationReference = 7E1423FEBF470D66E740B649 /* Pods-ABChainNet.release.xcconfig */;
			buildSettings = {
				ASSETCATALOG_COMPILER_APPICON_NAME = AppIcon;
				CODE_SIGN_STYLE = Automatic;
				DEVELOPMENT_TEAM = Q3SLH35FY4;
				INFOPLIST_FILE = ABChainNet/Info.plist;
				LD_RUNPATH_SEARCH_PATHS = (
					"$(inherited)",
					"@executable_path/Frameworks",
				);
				PRODUCT_BUNDLE_IDENTIFIER = com.cb.ABChainNet;
				PRODUCT_NAME = "$(TARGET_NAME)";
				TARGETED_DEVICE_FAMILY = "1,2";
			};
			name = Release;
		};
		A834150820E5BB4A006EC41F /* Debug */ = {
			isa = XCBuildConfiguration;
			buildSettings = {
				BUNDLE_LOADER = "$(TEST_HOST)";
				CODE_SIGN_STYLE = Automatic;
				DEVELOPMENT_TEAM = Q3SLH35FY4;
				INFOPLIST_FILE = ABChainNetTests/Info.plist;
				LD_RUNPATH_SEARCH_PATHS = (
					"$(inherited)",
					"@executable_path/Frameworks",
					"@loader_path/Frameworks",
				);
				PRODUCT_BUNDLE_IDENTIFIER = com.cb.ABChainNetTests;
				PRODUCT_NAME = "$(TARGET_NAME)";
				TARGETED_DEVICE_FAMILY = "1,2";
				TEST_HOST = "$(BUILT_PRODUCTS_DIR)/ABChainNet.app/ABChainNet";
			};
			name = Debug;
		};
		A834150920E5BB4A006EC41F /* Release */ = {
			isa = XCBuildConfiguration;
			buildSettings = {
				BUNDLE_LOADER = "$(TEST_HOST)";
				CODE_SIGN_STYLE = Automatic;
				DEVELOPMENT_TEAM = Q3SLH35FY4;
				INFOPLIST_FILE = ABChainNetTests/Info.plist;
				LD_RUNPATH_SEARCH_PATHS = (
					"$(inherited)",
					"@executable_path/Frameworks",
					"@loader_path/Frameworks",
				);
				PRODUCT_BUNDLE_IDENTIFIER = com.cb.ABChainNetTests;
				PRODUCT_NAME = "$(TARGET_NAME)";
				TARGETED_DEVICE_FAMILY = "1,2";
				TEST_HOST = "$(BUILT_PRODUCTS_DIR)/ABChainNet.app/ABChainNet";
			};
			name = Release;
		};
		A834150B20E5BB4A006EC41F /* Debug */ = {
			isa = XCBuildConfiguration;
			buildSettings = {
				CODE_SIGN_STYLE = Automatic;
				DEVELOPMENT_TEAM = Q3SLH35FY4;
				INFOPLIST_FILE = ABChainNetUITests/Info.plist;
				LD_RUNPATH_SEARCH_PATHS = (
					"$(inherited)",
					"@executable_path/Frameworks",
					"@loader_path/Frameworks",
				);
				PRODUCT_BUNDLE_IDENTIFIER = com.cb.ABChainNetUITests;
				PRODUCT_NAME = "$(TARGET_NAME)";
				TARGETED_DEVICE_FAMILY = "1,2";
				TEST_TARGET_NAME = ABChainNet;
			};
			name = Debug;
		};
		A834150C20E5BB4A006EC41F /* Release */ = {
			isa = XCBuildConfiguration;
			buildSettings = {
				CODE_SIGN_STYLE = Automatic;
				DEVELOPMENT_TEAM = Q3SLH35FY4;
				INFOPLIST_FILE = ABChainNetUITests/Info.plist;
				LD_RUNPATH_SEARCH_PATHS = (
					"$(inherited)",
					"@executable_path/Frameworks",
					"@loader_path/Frameworks",
				);
				PRODUCT_BUNDLE_IDENTIFIER = com.cb.ABChainNetUITests;
				PRODUCT_NAME = "$(TARGET_NAME)";
				TARGETED_DEVICE_FAMILY = "1,2";
				TEST_TARGET_NAME = ABChainNet;
			};
			name = Release;
		};
/* End XCBuildConfiguration section */

/* Begin XCConfigurationList section */
		A83414D320E5BB49006EC41F /* Build configuration list for PBXProject "ABChainNet" */ = {
			isa = XCConfigurationList;
			buildConfigurations = (
				A834150220E5BB4A006EC41F /* Debug */,
				A834150320E5BB4A006EC41F /* Release */,
			);
			defaultConfigurationIsVisible = 0;
			defaultConfigurationName = Release;
		};
		A834150420E5BB4A006EC41F /* Build configuration list for PBXNativeTarget "ABChainNet" */ = {
			isa = XCConfigurationList;
			buildConfigurations = (
				A834150520E5BB4A006EC41F /* Debug */,
				A834150620E5BB4A006EC41F /* Release */,
			);
			defaultConfigurationIsVisible = 0;
			defaultConfigurationName = Release;
		};
		A834150720E5BB4A006EC41F /* Build configuration list for PBXNativeTarget "ABChainNetTests" */ = {
			isa = XCConfigurationList;
			buildConfigurations = (
				A834150820E5BB4A006EC41F /* Debug */,
				A834150920E5BB4A006EC41F /* Release */,
			);
			defaultConfigurationIsVisible = 0;
			defaultConfigurationName = Release;
		};
		A834150A20E5BB4A006EC41F /* Build configuration list for PBXNativeTarget "ABChainNetUITests" */ = {
			isa = XCConfigurationList;
			buildConfigurations = (
				A834150B20E5BB4A006EC41F /* Debug */,
				A834150C20E5BB4A006EC41F /* Release */,
			);
			defaultConfigurationIsVisible = 0;
			defaultConfigurationName = Release;
		};
/* End XCConfigurationList section */
	};
	rootObject = A83414D020E5BB49006EC41F /* Project object */;
}
